// !$*UTF8*$!
{
	archiveVersion = 1;
	classes = {
	};
	objectVersion = 55;
	objects = {

/* Begin PBXBuildFile section */
		84130810286AFA49005A5C8B /* AppDelegate.swift in Sources */ = {isa = PBXBuildFile; fileRef = 8413080F286AFA49005A5C8B /* AppDelegate.swift */; };
		84130812286AFA49005A5C8B /* SceneDelegate.swift in Sources */ = {isa = PBXBuildFile; fileRef = 84130811286AFA49005A5C8B /* SceneDelegate.swift */; };
		84130814286AFA49005A5C8B /* BookCategoryCollectionViewController.swift in Sources */ = {isa = PBXBuildFile; fileRef = 84130813286AFA49005A5C8B /* BookCategoryCollectionViewController.swift */; };
		84130817286AFA49005A5C8B /* Main.storyboard in Resources */ = {isa = PBXBuildFile; fileRef = 84130815286AFA49005A5C8B /* Main.storyboard */; };
		84130819286AFA4B005A5C8B /* Assets.xcassets in Resources */ = {isa = PBXBuildFile; fileRef = 84130818286AFA4B005A5C8B /* Assets.xcassets */; };
		8413081C286AFA4B005A5C8B /* LaunchScreen.storyboard in Resources */ = {isa = PBXBuildFile; fileRef = 8413081A286AFA4B005A5C8B /* LaunchScreen.storyboard */; };
		84130825286B0358005A5C8B /* BookCategoryCollectionViewController+Actions.swift in Sources */ = {isa = PBXBuildFile; fileRef = 84130824286B0358005A5C8B /* BookCategoryCollectionViewController+Actions.swift */; };
		84130827286B0E78005A5C8B /* BookCategoryCollectionViewController+DataSource.swift in Sources */ = {isa = PBXBuildFile; fileRef = 84130826286B0E78005A5C8B /* BookCategoryCollectionViewController+DataSource.swift */; };
		84130829286B327C005A5C8B /* BookCategoryCollectionViewController+Layout.swift in Sources */ = {isa = PBXBuildFile; fileRef = 84130828286B327C005A5C8B /* BookCategoryCollectionViewController+Layout.swift */; };
		8413082C286B3ED3005A5C8B /* SmallBookPreviewContentView.swift in Sources */ = {isa = PBXBuildFile; fileRef = 8413082B286B3ED3005A5C8B /* SmallBookPreviewContentView.swift */; };
		84130830286C211B005A5C8B /* SmallBookPreviewContentView+Layout.swift in Sources */ = {isa = PBXBuildFile; fileRef = 8413082F286C211B005A5C8B /* SmallBookPreviewContentView+Layout.swift */; };
		84130832286C23A9005A5C8B /* HeadingLabelReusableView.swift in Sources */ = {isa = PBXBuildFile; fileRef = 84130831286C23A9005A5C8B /* HeadingLabelReusableView.swift */; };
		84130835286C2E4F005A5C8B /* LogoImageReusableView.swift in Sources */ = {isa = PBXBuildFile; fileRef = 84130834286C2E4F005A5C8B /* LogoImageReusableView.swift */; };
		84130837286C52FE005A5C8B /* UIView+PinnedSubview.swift in Sources */ = {isa = PBXBuildFile; fileRef = 84130836286C52FE005A5C8B /* UIView+PinnedSubview.swift */; };
		84130839286C7554005A5C8B /* BookCategoryCollectionViewController+Section.swift in Sources */ = {isa = PBXBuildFile; fileRef = 84130838286C7554005A5C8B /* BookCategoryCollectionViewController+Section.swift */; };
		8413083B286C7B24005A5C8B /* BestSellerContentView.swift in Sources */ = {isa = PBXBuildFile; fileRef = 8413083A286C7B24005A5C8B /* BestSellerContentView.swift */; };
		8413083D286C7C94005A5C8B /* BestSellerContentView+Layout.swift in Sources */ = {isa = PBXBuildFile; fileRef = 8413083C286C7C94005A5C8B /* BestSellerContentView+Layout.swift */; };
		8413083F286D78D5005A5C8B /* BookCategoryCollectionViewController+Animation.swift in Sources */ = {isa = PBXBuildFile; fileRef = 8413083E286D78D5005A5C8B /* BookCategoryCollectionViewController+Animation.swift */; };
/* End PBXBuildFile section */

/* Begin PBXFileReference section */
		8413080C286AFA49005A5C8B /* gbooks.app */ = {isa = PBXFileReference; explicitFileType = wrapper.application; includeInIndex = 0; path = gbooks.app; sourceTree = BUILT_PRODUCTS_DIR; };
		8413080F286AFA49005A5C8B /* AppDelegate.swift */ = {isa = PBXFileReference; lastKnownFileType = sourcecode.swift; path = AppDelegate.swift; sourceTree = "<group>"; };
		84130811286AFA49005A5C8B /* SceneDelegate.swift */ = {isa = PBXFileReference; lastKnownFileType = sourcecode.swift; path = SceneDelegate.swift; sourceTree = "<group>"; };
		84130813286AFA49005A5C8B /* BookCategoryCollectionViewController.swift */ = {isa = PBXFileReference; lastKnownFileType = sourcecode.swift; path = BookCategoryCollectionViewController.swift; sourceTree = "<group>"; };
		84130816286AFA49005A5C8B /* Base */ = {isa = PBXFileReference; lastKnownFileType = file.storyboard; name = Base; path = Base.lproj/Main.storyboard; sourceTree = "<group>"; };
		84130818286AFA4B005A5C8B /* Assets.xcassets */ = {isa = PBXFileReference; lastKnownFileType = folder.assetcatalog; path = Assets.xcassets; sourceTree = "<group>"; };
		8413081B286AFA4B005A5C8B /* Base */ = {isa = PBXFileReference; lastKnownFileType = file.storyboard; name = Base; path = Base.lproj/LaunchScreen.storyboard; sourceTree = "<group>"; };
		8413081D286AFA4B005A5C8B /* Info.plist */ = {isa = PBXFileReference; lastKnownFileType = text.plist.xml; path = Info.plist; sourceTree = "<group>"; };
		84130824286B0358005A5C8B /* BookCategoryCollectionViewController+Actions.swift */ = {isa = PBXFileReference; lastKnownFileType = sourcecode.swift; path = "BookCategoryCollectionViewController+Actions.swift"; sourceTree = "<group>"; };
		84130826286B0E78005A5C8B /* BookCategoryCollectionViewController+DataSource.swift */ = {isa = PBXFileReference; lastKnownFileType = sourcecode.swift; path = "BookCategoryCollectionViewController+DataSource.swift"; sourceTree = "<group>"; };
		84130828286B327C005A5C8B /* BookCategoryCollectionViewController+Layout.swift */ = {isa = PBXFileReference; lastKnownFileType = sourcecode.swift; path = "BookCategoryCollectionViewController+Layout.swift"; sourceTree = "<group>"; };
		8413082B286B3ED3005A5C8B /* SmallBookPreviewContentView.swift */ = {isa = PBXFileReference; lastKnownFileType = sourcecode.swift; path = SmallBookPreviewContentView.swift; sourceTree = "<group>"; };
		8413082F286C211B005A5C8B /* SmallBookPreviewContentView+Layout.swift */ = {isa = PBXFileReference; lastKnownFileType = sourcecode.swift; path = "SmallBookPreviewContentView+Layout.swift"; sourceTree = "<group>"; };
		84130831286C23A9005A5C8B /* HeadingLabelReusableView.swift */ = {isa = PBXFileReference; lastKnownFileType = sourcecode.swift; path = HeadingLabelReusableView.swift; sourceTree = "<group>"; };
		84130834286C2E4F005A5C8B /* LogoImageReusableView.swift */ = {isa = PBXFileReference; lastKnownFileType = sourcecode.swift; path = LogoImageReusableView.swift; sourceTree = "<group>"; };
		84130836286C52FE005A5C8B /* UIView+PinnedSubview.swift */ = {isa = PBXFileReference; lastKnownFileType = sourcecode.swift; path = "UIView+PinnedSubview.swift"; sourceTree = "<group>"; };
		84130838286C7554005A5C8B /* BookCategoryCollectionViewController+Section.swift */ = {isa = PBXFileReference; lastKnownFileType = sourcecode.swift; path = "BookCategoryCollectionViewController+Section.swift"; sourceTree = "<group>"; };
		8413083A286C7B24005A5C8B /* BestSellerContentView.swift */ = {isa = PBXFileReference; lastKnownFileType = sourcecode.swift; path = BestSellerContentView.swift; sourceTree = "<group>"; };
		8413083C286C7C94005A5C8B /* BestSellerContentView+Layout.swift */ = {isa = PBXFileReference; lastKnownFileType = sourcecode.swift; path = "BestSellerContentView+Layout.swift"; sourceTree = "<group>"; };
		8413083E286D78D5005A5C8B /* BookCategoryCollectionViewController+Animation.swift */ = {isa = PBXFileReference; lastKnownFileType = sourcecode.swift; path = "BookCategoryCollectionViewController+Animation.swift"; sourceTree = "<group>"; };
/* End PBXFileReference section */

/* Begin PBXFrameworksBuildPhase section */
		84130809286AFA49005A5C8B /* Frameworks */ = {
			isa = PBXFrameworksBuildPhase;
			buildActionMask = 2147483647;
			files = (
			);
			runOnlyForDeploymentPostprocessing = 0;
		};
/* End PBXFrameworksBuildPhase section */

/* Begin PBXGroup section */
		84130803286AFA49005A5C8B = {
			isa = PBXGroup;
			children = (
				8413080E286AFA49005A5C8B /* gbooks */,
				8413080D286AFA49005A5C8B /* Products */,
			);
			sourceTree = "<group>";
		};
		8413080D286AFA49005A5C8B /* Products */ = {
			isa = PBXGroup;
			children = (
				8413080C286AFA49005A5C8B /* gbooks.app */,
			);
			name = Products;
			sourceTree = "<group>";
		};
		8413080E286AFA49005A5C8B /* gbooks */ = {
			isa = PBXGroup;
			children = (
				84130833286C25DF005A5C8B /* ReusableViews */,
				8413082A286B3E92005A5C8B /* ContentViews */,
				84130823286B0333005A5C8B /* BookCategoryCollectionViewController */,
				8413080F286AFA49005A5C8B /* AppDelegate.swift */,
				84130811286AFA49005A5C8B /* SceneDelegate.swift */,
				84130815286AFA49005A5C8B /* Main.storyboard */,
				84130818286AFA4B005A5C8B /* Assets.xcassets */,
				8413081A286AFA4B005A5C8B /* LaunchScreen.storyboard */,
				8413081D286AFA4B005A5C8B /* Info.plist */,
			);
			path = gbooks;
			sourceTree = "<group>";
		};
		84130823286B0333005A5C8B /* BookCategoryCollectionViewController */ = {
			isa = PBXGroup;
			children = (
				84130813286AFA49005A5C8B /* BookCategoryCollectionViewController.swift */,
				84130824286B0358005A5C8B /* BookCategoryCollectionViewController+Actions.swift */,
				84130826286B0E78005A5C8B /* BookCategoryCollectionViewController+DataSource.swift */,
				84130828286B327C005A5C8B /* BookCategoryCollectionViewController+Layout.swift */,
				84130838286C7554005A5C8B /* BookCategoryCollectionViewController+Section.swift */,
				8413083E286D78D5005A5C8B /* BookCategoryCollectionViewController+Animation.swift */,
			);
			path = BookCategoryCollectionViewController;
			sourceTree = "<group>";
		};
		8413082A286B3E92005A5C8B /* ContentViews */ = {
			isa = PBXGroup;
			children = (
				8413082B286B3ED3005A5C8B /* SmallBookPreviewContentView.swift */,
				8413082F286C211B005A5C8B /* SmallBookPreviewContentView+Layout.swift */,
				84130836286C52FE005A5C8B /* UIView+PinnedSubview.swift */,
				8413083A286C7B24005A5C8B /* BestSellerContentView.swift */,
				8413083C286C7C94005A5C8B /* BestSellerContentView+Layout.swift */,
			);
			path = ContentViews;
			sourceTree = "<group>";
		};
		84130833286C25DF005A5C8B /* ReusableViews */ = {
			isa = PBXGroup;
			children = (
				84130831286C23A9005A5C8B /* HeadingLabelReusableView.swift */,
				84130834286C2E4F005A5C8B /* LogoImageReusableView.swift */,
			);
			path = ReusableViews;
			sourceTree = "<group>";
		};
/* End PBXGroup section */

/* Begin PBXNativeTarget section */
		8413080B286AFA49005A5C8B /* gbooks */ = {
			isa = PBXNativeTarget;
			buildConfigurationList = 84130820286AFA4B005A5C8B /* Build configuration list for PBXNativeTarget "gbooks" */;
			buildPhases = (
				84130808286AFA49005A5C8B /* Sources */,
				84130809286AFA49005A5C8B /* Frameworks */,
				8413080A286AFA49005A5C8B /* Resources */,
			);
			buildRules = (
			);
			dependencies = (
			);
			name = gbooks;
			productName = gbooks;
			productReference = 8413080C286AFA49005A5C8B /* gbooks.app */;
			productType = "com.apple.product-type.application";
		};
/* End PBXNativeTarget section */

/* Begin PBXProject section */
		84130804286AFA49005A5C8B /* Project object */ = {
			isa = PBXProject;
			attributes = {
				BuildIndependentTargetsInParallel = 1;
				LastSwiftUpdateCheck = 1300;
				LastUpgradeCheck = 1300;
				TargetAttributes = {
					8413080B286AFA49005A5C8B = {
						CreatedOnToolsVersion = 13.0;
					};
				};
			};
			buildConfigurationList = 84130807286AFA49005A5C8B /* Build configuration list for PBXProject "gbooks" */;
			compatibilityVersion = "Xcode 13.0";
			developmentRegion = en;
			hasScannedForEncodings = 0;
			knownRegions = (
				en,
				Base,
			);
			mainGroup = 84130803286AFA49005A5C8B;
			productRefGroup = 8413080D286AFA49005A5C8B /* Products */;
			projectDirPath = "";
			projectRoot = "";
			targets = (
				8413080B286AFA49005A5C8B /* gbooks */,
			);
		};
/* End PBXProject section */

/* Begin PBXResourcesBuildPhase section */
		8413080A286AFA49005A5C8B /* Resources */ = {
			isa = PBXResourcesBuildPhase;
			buildActionMask = 2147483647;
			files = (
				8413081C286AFA4B005A5C8B /* LaunchScreen.storyboard in Resources */,
				84130819286AFA4B005A5C8B /* Assets.xcassets in Resources */,
				84130817286AFA49005A5C8B /* Main.storyboard in Resources */,
			);
			runOnlyForDeploymentPostprocessing = 0;
		};
/* End PBXResourcesBuildPhase section */

/* Begin PBXSourcesBuildPhase section */
		84130808286AFA49005A5C8B /* Sources */ = {
			isa = PBXSourcesBuildPhase;
			buildActionMask = 2147483647;
			files = (
				84130830286C211B005A5C8B /* SmallBookPreviewContentView+Layout.swift in Sources */,
				8413083B286C7B24005A5C8B /* BestSellerContentView.swift in Sources */,
				84130814286AFA49005A5C8B /* BookCategoryCollectionViewController.swift in Sources */,
				8413083D286C7C94005A5C8B /* BestSellerContentView+Layout.swift in Sources */,
				84130825286B0358005A5C8B /* BookCategoryCollectionViewController+Actions.swift in Sources */,
				84130810286AFA49005A5C8B /* AppDelegate.swift in Sources */,
				84130829286B327C005A5C8B /* BookCategoryCollectionViewController+Layout.swift in Sources */,
				84130837286C52FE005A5C8B /* UIView+PinnedSubview.swift in Sources */,
				84130812286AFA49005A5C8B /* SceneDelegate.swift in Sources */,
				84130835286C2E4F005A5C8B /* LogoImageReusableView.swift in Sources */,
				84130827286B0E78005A5C8B /* BookCategoryCollectionViewController+DataSource.swift in Sources */,
				8413083F286D78D5005A5C8B /* BookCategoryCollectionViewController+Animation.swift in Sources */,
				84130839286C7554005A5C8B /* BookCategoryCollectionViewController+Section.swift in Sources */,
				8413082C286B3ED3005A5C8B /* SmallBookPreviewContentView.swift in Sources */,
				84130832286C23A9005A5C8B /* HeadingLabelReusableView.swift in Sources */,
			);
			runOnlyForDeploymentPostprocessing = 0;
		};
/* End PBXSourcesBuildPhase section */

/* Begin PBXVariantGroup section */
		84130815286AFA49005A5C8B /* Main.storyboard */ = {
			isa = PBXVariantGroup;
			children = (
				84130816286AFA49005A5C8B /* Base */,
			);
			name = Main.storyboard;
			sourceTree = "<group>";
		};
		8413081A286AFA4B005A5C8B /* LaunchScreen.storyboard */ = {
			isa = PBXVariantGroup;
			children = (
				8413081B286AFA4B005A5C8B /* Base */,
			);
			name = LaunchScreen.storyboard;
			sourceTree = "<group>";
		};
/* End PBXVariantGroup section */

/* Begin XCBuildConfiguration section */
		8413081E286AFA4B005A5C8B /* Debug */ = {
			isa = XCBuildConfiguration;
			buildSettings = {
				ALWAYS_SEARCH_USER_PATHS = NO;
				CLANG_ANALYZER_NONNULL = YES;
				CLANG_ANALYZER_NUMBER_OBJECT_CONVERSION = YES_AGGRESSIVE;
				CLANG_CXX_LANGUAGE_STANDARD = "gnu++17";
				CLANG_CXX_LIBRARY = "libc++";
				CLANG_ENABLE_MODULES = YES;
				CLANG_ENABLE_OBJC_ARC = YES;
				CLANG_ENABLE_OBJC_WEAK = YES;
				CLANG_WARN_BLOCK_CAPTURE_AUTORELEASING = YES;
				CLANG_WARN_BOOL_CONVERSION = YES;
				CLANG_WARN_COMMA = YES;
				CLANG_WARN_CONSTANT_CONVERSION = YES;
				CLANG_WARN_DEPRECATED_OBJC_IMPLEMENTATIONS = YES;
				CLANG_WARN_DIRECT_OBJC_ISA_USAGE = YES_ERROR;
				CLANG_WARN_DOCUMENTATION_COMMENTS = YES;
				CLANG_WARN_EMPTY_BODY = YES;
				CLANG_WARN_ENUM_CONVERSION = YES;
				CLANG_WARN_INFINITE_RECURSION = YES;
				CLANG_WARN_INT_CONVERSION = YES;
				CLANG_WARN_NON_LITERAL_NULL_CONVERSION = YES;
				CLANG_WARN_OBJC_IMPLICIT_RETAIN_SELF = YES;
				CLANG_WARN_OBJC_LITERAL_CONVERSION = YES;
				CLANG_WARN_OBJC_ROOT_CLASS = YES_ERROR;
				CLANG_WARN_QUOTED_INCLUDE_IN_FRAMEWORK_HEADER = YES;
				CLANG_WARN_RANGE_LOOP_ANALYSIS = YES;
				CLANG_WARN_STRICT_PROTOTYPES = YES;
				CLANG_WARN_SUSPICIOUS_MOVE = YES;
				CLANG_WARN_UNGUARDED_AVAILABILITY = YES_AGGRESSIVE;
				CLANG_WARN_UNREACHABLE_CODE = YES;
				CLANG_WARN__DUPLICATE_METHOD_MATCH = YES;
				COPY_PHASE_STRIP = NO;
				DEBUG_INFORMATION_FORMAT = dwarf;
				ENABLE_STRICT_OBJC_MSGSEND = YES;
				ENABLE_TESTABILITY = YES;
				GCC_C_LANGUAGE_STANDARD = gnu11;
				GCC_DYNAMIC_NO_PIC = NO;
				GCC_NO_COMMON_BLOCKS = YES;
				GCC_OPTIMIZATION_LEVEL = 0;
				GCC_PREPROCESSOR_DEFINITIONS = (
					"DEBUG=1",
					"$(inherited)",
				);
				GCC_WARN_64_TO_32_BIT_CONVERSION = YES;
				GCC_WARN_ABOUT_RETURN_TYPE = YES_ERROR;
				GCC_WARN_UNDECLARED_SELECTOR = YES;
				GCC_WARN_UNINITIALIZED_AUTOS = YES_AGGRESSIVE;
				GCC_WARN_UNUSED_FUNCTION = YES;
				GCC_WARN_UNUSED_VARIABLE = YES;
				IPHONEOS_DEPLOYMENT_TARGET = 15.0;
				MTL_ENABLE_DEBUG_INFO = INCLUDE_SOURCE;
				MTL_FAST_MATH = YES;
				ONLY_ACTIVE_ARCH = YES;
				SDKROOT = iphoneos;
				SWIFT_ACTIVE_COMPILATION_CONDITIONS = DEBUG;
				SWIFT_OPTIMIZATION_LEVEL = "-Onone";
			};
			name = Debug;
		};
		8413081F286AFA4B005A5C8B /* Release */ = {
			isa = XCBuildConfiguration;
			buildSettings = {
				ALWAYS_SEARCH_USER_PATHS = NO;
				CLANG_ANALYZER_NONNULL = YES;
				CLANG_ANALYZER_NUMBER_OBJECT_CONVERSION = YES_AGGRESSIVE;
				CLANG_CXX_LANGUAGE_STANDARD = "gnu++17";
				CLANG_CXX_LIBRARY = "libc++";
				CLANG_ENABLE_MODULES = YES;
				CLANG_ENABLE_OBJC_ARC = YES;
				CLANG_ENABLE_OBJC_WEAK = YES;
				CLANG_WARN_BLOCK_CAPTURE_AUTORELEASING = YES;
				CLANG_WARN_BOOL_CONVERSION = YES;
				CLANG_WARN_COMMA = YES;
				CLANG_WARN_CONSTANT_CONVERSION = YES;
				CLANG_WARN_DEPRECATED_OBJC_IMPLEMENTATIONS = YES;
				CLANG_WARN_DIRECT_OBJC_ISA_USAGE = YES_ERROR;
				CLANG_WARN_DOCUMENTATION_COMMENTS = YES;
				CLANG_WARN_EMPTY_BODY = YES;
				CLANG_WARN_ENUM_CONVERSION = YES;
				CLANG_WARN_INFINITE_RECURSION = YES;
				CLANG_WARN_INT_CONVERSION = YES;
				CLANG_WARN_NON_LITERAL_NULL_CONVERSION = YES;
				CLANG_WARN_OBJC_IMPLICIT_RETAIN_SELF = YES;
				CLANG_WARN_OBJC_LITERAL_CONVERSION = YES;
				CLANG_WARN_OBJC_ROOT_CLASS = YES_ERROR;
				CLANG_WARN_QUOTED_INCLUDE_IN_FRAMEWORK_HEADER = YES;
				CLANG_WARN_RANGE_LOOP_ANALYSIS = YES;
				CLANG_WARN_STRICT_PROTOTYPES = YES;
				CLANG_WARN_SUSPICIOUS_MOVE = YES;
				CLANG_WARN_UNGUARDED_AVAILABILITY = YES_AGGRESSIVE;
				CLANG_WARN_UNREACHABLE_CODE = YES;
				CLANG_WARN__DUPLICATE_METHOD_MATCH = YES;
				COPY_PHASE_STRIP = NO;
				DEBUG_INFORMATION_FORMAT = "dwarf-with-dsym";
				ENABLE_NS_ASSERTIONS = NO;
				ENABLE_STRICT_OBJC_MSGSEND = YES;
				GCC_C_LANGUAGE_STANDARD = gnu11;
				GCC_NO_COMMON_BLOCKS = YES;
				GCC_WARN_64_TO_32_BIT_CONVERSION = YES;
				GCC_WARN_ABOUT_RETURN_TYPE = YES_ERROR;
				GCC_WARN_UNDECLARED_SELECTOR = YES;
				GCC_WARN_UNINITIALIZED_AUTOS = YES_AGGRESSIVE;
				GCC_WARN_UNUSED_FUNCTION = YES;
				GCC_WARN_UNUSED_VARIABLE = YES;
				IPHONEOS_DEPLOYMENT_TARGET = 15.0;
				MTL_ENABLE_DEBUG_INFO = NO;
				MTL_FAST_MATH = YES;
				SDKROOT = iphoneos;
				SWIFT_COMPILATION_MODE = wholemodule;
				SWIFT_OPTIMIZATION_LEVEL = "-O";
				VALIDATE_PRODUCT = YES;
			};
			name = Release;
		};
		84130821286AFA4B005A5C8B /* Debug */ = {
			isa = XCBuildConfiguration;
			buildSettings = {
				ASSETCATALOG_COMPILER_APPICON_NAME = AppIcon;
				ASSETCATALOG_COMPILER_GLOBAL_ACCENT_COLOR_NAME = AccentColor;
				CODE_SIGN_STYLE = Automatic;
				CURRENT_PROJECT_VERSION = 1;
				GENERATE_INFOPLIST_FILE = YES;
				INFOPLIST_FILE = gbooks/Info.plist;
				INFOPLIST_KEY_UIApplicationSupportsIndirectInputEvents = YES;
				INFOPLIST_KEY_UILaunchStoryboardName = LaunchScreen;
				INFOPLIST_KEY_UIMainStoryboardFile = Main;
				INFOPLIST_KEY_UISupportedInterfaceOrientations_iPad = "UIInterfaceOrientationPortrait UIInterfaceOrientationPortraitUpsideDown UIInterfaceOrientationLandscapeLeft UIInterfaceOrientationLandscapeRight";
				INFOPLIST_KEY_UISupportedInterfaceOrientations_iPhone = "UIInterfaceOrientationPortrait UIInterfaceOrientationLandscapeLeft UIInterfaceOrientationLandscapeRight";
				LD_RUNPATH_SEARCH_PATHS = (
					"$(inherited)",
					"@executable_path/Frameworks",
				);
				MARKETING_VERSION = 1.0;
				PRODUCT_BUNDLE_IDENTIFIER = io.github.vshnv.gbooks;
				PRODUCT_NAME = "$(TARGET_NAME)";
				SWIFT_EMIT_LOC_STRINGS = YES;
				SWIFT_VERSION = 5.0;
				TARGETED_DEVICE_FAMILY = "1,2";
			};
			name = Debug;
		};
		84130822286AFA4B005A5C8B /* Release */ = {
			isa = XCBuildConfiguration;
			buildSettings = {
				ASSETCATALOG_COMPILER_APPICON_NAME = AppIcon;
				ASSETCATALOG_COMPILER_GLOBAL_ACCENT_COLOR_NAME = AccentColor;
				CODE_SIGN_STYLE = Automatic;
				CURRENT_PROJECT_VERSION = 1;
				GENERATE_INFOPLIST_FILE = YES;
				INFOPLIST_FILE = gbooks/Info.plist;
				INFOPLIST_KEY_UIApplicationSupportsIndirectInputEvents = YES;
				INFOPLIST_KEY_UILaunchStoryboardName = LaunchScreen;
				INFOPLIST_KEY_UIMainStoryboardFile = Main;
				INFOPLIST_KEY_UISupportedInterfaceOrientations_iPad = "UIInterfaceOrientationPortrait UIInterfaceOrientationPortraitUpsideDown UIInterfaceOrientationLandscapeLeft UIInterfaceOrientationLandscapeRight";
				INFOPLIST_KEY_UISupportedInterfaceOrientations_iPhone = "UIInterfaceOrientationPortrait UIInterfaceOrientationLandscapeLeft UIInterfaceOrientationLandscapeRight";
				LD_RUNPATH_SEARCH_PATHS = (
					"$(inherited)",
					"@executable_path/Frameworks",
				);
				MARKETING_VERSION = 1.0;
				PRODUCT_BUNDLE_IDENTIFIER = io.github.vshnv.gbooks;
				PRODUCT_NAME = "$(TARGET_NAME)";
				SWIFT_EMIT_LOC_STRINGS = YES;
				SWIFT_VERSION = 5.0;
				TARGETED_DEVICE_FAMILY = "1,2";
			};
			name = Release;
		};
/* End XCBuildConfiguration section */

/* Begin XCConfigurationList section */
		84130807286AFA49005A5C8B /* Build configuration list for PBXProject "gbooks" */ = {
			isa = XCConfigurationList;
			buildConfigurations = (
				8413081E286AFA4B005A5C8B /* Debug */,
				8413081F286AFA4B005A5C8B /* Release */,
			);
			defaultConfigurationIsVisible = 0;
			defaultConfigurationName = Release;
		};
		84130820286AFA4B005A5C8B /* Build configuration list for PBXNativeTarget "gbooks" */ = {
			isa = XCConfigurationList;
			buildConfigurations = (
				84130821286AFA4B005A5C8B /* Debug */,
				84130822286AFA4B005A5C8B /* Release */,
			);
			defaultConfigurationIsVisible = 0;
			defaultConfigurationName = Release;
		};
/* End XCConfigurationList section */
	};
	rootObject = 84130804286AFA49005A5C8B /* Project object */;
}
